
Microsoft Visual Studio Solution File, Format Version 12.00
# Visual Studio Version 17
VisualStudioVersion = 17.14.36408.4 d17.14
MinimumVisualStudioVersion = 10.0.40219.1
Project("{FAE04EC0-301F-11D3-BF4B-00C04F79EFBC}") = "EmolyeePortal", "EmolyeePortal.csproj", "{0C8D165B-A32F-46F8-9D6E-B16E58D5CA33}"
EndProject
Global
	GlobalSection(SolutionConfigurationPlatforms) = preSolution
		Debug|Any CPU = Debug|Any CPU
		Release|Any CPU = Release|Any CPU
	EndGlobalSection
	GlobalSection(ProjectConfigurationPlatforms) = postSolution
		{0C8D165B-A32F-46F8-9D6E-B16E58D5CA33}.Debug|Any CPU.ActiveCfg = Debug|Any CPU
		{0C8D165B-A32F-46F8-9D6E-B16E58D5CA33}.Debug|Any CPU.Build.0 = Debug|Any CPU
		{0C8D165B-A32F-46F8-9D6E-B16E58D5CA33}.Release|Any CPU.ActiveCfg = Release|Any CPU
		{0C8D165B-A32F-46F8-9D6E-B16E58D5CA33}.Release|Any CPU.Build.0 = Release|Any CPU
	EndGlobalSection
	GlobalSection(SolutionProperties) = preSolution
		HideSolutionNode = FALSE
	EndGlobalSection
	GlobalSection(ExtensibilityGlobals) = postSolution
		SolutionGuid = {555A968B-95AA-4BB0-A415-5581A6AC6FEC}
	EndGlobalSection
EndGlobal
